// !$*UTF8*$!
{
	archiveVersion = 1;
	classes = {
	};
	objectVersion = 50;
	objects = {

/* Begin PBXBuildFile section */
		E919DBBB26578CF6005A98BE /* LoginAPIRepository.swift in Sources */ = {isa = PBXBuildFile; fileRef = E919DBBA26578CF6005A98BE /* LoginAPIRepository.swift */; };
		E919DBBD265790DF005A98BE /* LoginRepository.swift in Sources */ = {isa = PBXBuildFile; fileRef = E919DBBC265790DF005A98BE /* LoginRepository.swift */; };
		E919DBBF265792FE005A98BE /* LoginRepoFactory.swift in Sources */ = {isa = PBXBuildFile; fileRef = E919DBBE265792FE005A98BE /* LoginRepoFactory.swift */; };
		E919DBC426579A1F005A98BE /* ViewExtension.swift in Sources */ = {isa = PBXBuildFile; fileRef = E919DBC226579A1F005A98BE /* ViewExtension.swift */; };
		E919DBC526579A1F005A98BE /* ColorExtension.swift in Sources */ = {isa = PBXBuildFile; fileRef = E919DBC326579A1F005A98BE /* ColorExtension.swift */; };
		E919DBD526579A4F005A98BE /* DashboardViewController.swift in Sources */ = {isa = PBXBuildFile; fileRef = E919DBD426579A4F005A98BE /* DashboardViewController.swift */; };
		E919DBE92657A466005A98BE /* BottomTabBarView.swift in Sources */ = {isa = PBXBuildFile; fileRef = E919DBE32657A466005A98BE /* BottomTabBarView.swift */; };
		E919DBEA2657A466005A98BE /* BottomTabBarCVCell.swift in Sources */ = {isa = PBXBuildFile; fileRef = E919DBE52657A466005A98BE /* BottomTabBarCVCell.swift */; };
		E919DBEB2657A466005A98BE /* BottomTabBarCVCell.xib in Resources */ = {isa = PBXBuildFile; fileRef = E919DBE62657A466005A98BE /* BottomTabBarCVCell.xib */; };
		E919DBEC2657A466005A98BE /* BottomTabBarView.xib in Resources */ = {isa = PBXBuildFile; fileRef = E919DBE72657A466005A98BE /* BottomTabBarView.xib */; };
		E919DBED2657A466005A98BE /* BottomTabBarModel.swift in Sources */ = {isa = PBXBuildFile; fileRef = E919DBE82657A466005A98BE /* BottomTabBarModel.swift */; };
		E919DBF42657B5F9005A98BE /* ViewController1.swift in Sources */ = {isa = PBXBuildFile; fileRef = E919DBF32657B5F9005A98BE /* ViewController1.swift */; };
		E919DC072657B687005A98BE /* TabBar.storyboard in Resources */ = {isa = PBXBuildFile; fileRef = E919DC062657B687005A98BE /* TabBar.storyboard */; };
		E919DC092657CAE1005A98BE /* StringExtension.swift in Sources */ = {isa = PBXBuildFile; fileRef = E919DC082657CAE1005A98BE /* StringExtension.swift */; };
		E919DC0C2657CE57005A98BE /* Validation.swift in Sources */ = {isa = PBXBuildFile; fileRef = E919DC0B2657CE57005A98BE /* Validation.swift */; };
		E919DC0E2657CE7F005A98BE /* ValidationResult.swift in Sources */ = {isa = PBXBuildFile; fileRef = E919DC0D2657CE7F005A98BE /* ValidationResult.swift */; };
		E919DC112657CF1F005A98BE /* PasswordMinimumLengthValidation.swift in Sources */ = {isa = PBXBuildFile; fileRef = E919DC102657CF1F005A98BE /* PasswordMinimumLengthValidation.swift */; };
		E919DC142657D096005A98BE /* PasswordEmptyValidation.swift in Sources */ = {isa = PBXBuildFile; fileRef = E919DC132657D096005A98BE /* PasswordEmptyValidation.swift */; };
		E919DC172657D132005A98BE /* UsernameMinimumLengthValidation.swift in Sources */ = {isa = PBXBuildFile; fileRef = E919DC162657D132005A98BE /* UsernameMinimumLengthValidation.swift */; };
		E919DC192657D15B005A98BE /* UsernameEmptyValidation.swift in Sources */ = {isa = PBXBuildFile; fileRef = E919DC182657D15B005A98BE /* UsernameEmptyValidation.swift */; };
		E919DC1B2657D191005A98BE /* Validator.swift in Sources */ = {isa = PBXBuildFile; fileRef = E919DC1A2657D191005A98BE /* Validator.swift */; };
		E9F632EB2656ADB9009CCAA5 /* AppDelegate.swift in Sources */ = {isa = PBXBuildFile; fileRef = E9F632EA2656ADB9009CCAA5 /* AppDelegate.swift */; };
		E9F632ED2656ADB9009CCAA5 /* SceneDelegate.swift in Sources */ = {isa = PBXBuildFile; fileRef = E9F632EC2656ADB9009CCAA5 /* SceneDelegate.swift */; };
		E9F632EF2656ADB9009CCAA5 /* ViewController.swift in Sources */ = {isa = PBXBuildFile; fileRef = E9F632EE2656ADB9009CCAA5 /* ViewController.swift */; };
		E9F632F22656ADB9009CCAA5 /* Main.storyboard in Resources */ = {isa = PBXBuildFile; fileRef = E9F632F02656ADB9009CCAA5 /* Main.storyboard */; };
		E9F632F42656ADB9009CCAA5 /* Assets.xcassets in Resources */ = {isa = PBXBuildFile; fileRef = E9F632F32656ADB9009CCAA5 /* Assets.xcassets */; };
		E9F632F72656ADB9009CCAA5 /* LaunchScreen.storyboard in Resources */ = {isa = PBXBuildFile; fileRef = E9F632F52656ADB9009CCAA5 /* LaunchScreen.storyboard */; };
		E9F633032656AE8F009CCAA5 /* LoginViewController.swift in Sources */ = {isa = PBXBuildFile; fileRef = E9F633022656AE8F009CCAA5 /* LoginViewController.swift */; };
		E9F633052656B143009CCAA5 /* UserViewModel.swift in Sources */ = {isa = PBXBuildFile; fileRef = E9F633042656B143009CCAA5 /* UserViewModel.swift */; };
		E9F633092656B17B009CCAA5 /* User.swift in Sources */ = {isa = PBXBuildFile; fileRef = E9F633072656B17B009CCAA5 /* User.swift */; };
/* End PBXBuildFile section */

/* Begin PBXFileReference section */
		E919DBBA26578CF6005A98BE /* LoginAPIRepository.swift */ = {isa = PBXFileReference; lastKnownFileType = sourcecode.swift; path = LoginAPIRepository.swift; sourceTree = "<group>"; };
		E919DBBC265790DF005A98BE /* LoginRepository.swift */ = {isa = PBXFileReference; lastKnownFileType = sourcecode.swift; path = LoginRepository.swift; sourceTree = "<group>"; };
		E919DBBE265792FE005A98BE /* LoginRepoFactory.swift */ = {isa = PBXFileReference; lastKnownFileType = sourcecode.swift; path = LoginRepoFactory.swift; sourceTree = "<group>"; };
		E919DBC226579A1F005A98BE /* ViewExtension.swift */ = {isa = PBXFileReference; fileEncoding = 4; lastKnownFileType = sourcecode.swift; path = ViewExtension.swift; sourceTree = "<group>"; };
		E919DBC326579A1F005A98BE /* ColorExtension.swift */ = {isa = PBXFileReference; fileEncoding = 4; lastKnownFileType = sourcecode.swift; path = ColorExtension.swift; sourceTree = "<group>"; };
		E919DBD426579A4F005A98BE /* DashboardViewController.swift */ = {isa = PBXFileReference; fileEncoding = 4; lastKnownFileType = sourcecode.swift; path = DashboardViewController.swift; sourceTree = "<group>"; };
		E919DBE32657A466005A98BE /* BottomTabBarView.swift */ = {isa = PBXFileReference; fileEncoding = 4; lastKnownFileType = sourcecode.swift; path = BottomTabBarView.swift; sourceTree = "<group>"; };
		E919DBE52657A466005A98BE /* BottomTabBarCVCell.swift */ = {isa = PBXFileReference; fileEncoding = 4; lastKnownFileType = sourcecode.swift; path = BottomTabBarCVCell.swift; sourceTree = "<group>"; };
		E919DBE62657A466005A98BE /* BottomTabBarCVCell.xib */ = {isa = PBXFileReference; fileEncoding = 4; lastKnownFileType = file.xib; path = BottomTabBarCVCell.xib; sourceTree = "<group>"; };
		E919DBE72657A466005A98BE /* BottomTabBarView.xib */ = {isa = PBXFileReference; fileEncoding = 4; lastKnownFileType = file.xib; path = BottomTabBarView.xib; sourceTree = "<group>"; };
		E919DBE82657A466005A98BE /* BottomTabBarModel.swift */ = {isa = PBXFileReference; fileEncoding = 4; lastKnownFileType = sourcecode.swift; path = BottomTabBarModel.swift; sourceTree = "<group>"; };
		E919DBF32657B5F9005A98BE /* ViewController1.swift */ = {isa = PBXFileReference; lastKnownFileType = sourcecode.swift; path = ViewController1.swift; sourceTree = "<group>"; };
		E919DC062657B687005A98BE /* TabBar.storyboard */ = {isa = PBXFileReference; lastKnownFileType = file.storyboard; path = TabBar.storyboard; sourceTree = "<group>"; };
		E919DC082657CAE1005A98BE /* StringExtension.swift */ = {isa = PBXFileReference; lastKnownFileType = sourcecode.swift; path = StringExtension.swift; sourceTree = "<group>"; };
		E919DC0B2657CE57005A98BE /* Validation.swift */ = {isa = PBXFileReference; lastKnownFileType = sourcecode.swift; path = Validation.swift; sourceTree = "<group>"; };
		E919DC0D2657CE7F005A98BE /* ValidationResult.swift */ = {isa = PBXFileReference; lastKnownFileType = sourcecode.swift; path = ValidationResult.swift; sourceTree = "<group>"; };
		E919DC102657CF1F005A98BE /* PasswordMinimumLengthValidation.swift */ = {isa = PBXFileReference; lastKnownFileType = sourcecode.swift; path = PasswordMinimumLengthValidation.swift; sourceTree = "<group>"; };
		E919DC132657D096005A98BE /* PasswordEmptyValidation.swift */ = {isa = PBXFileReference; lastKnownFileType = sourcecode.swift; path = PasswordEmptyValidation.swift; sourceTree = "<group>"; };
		E919DC162657D132005A98BE /* UsernameMinimumLengthValidation.swift */ = {isa = PBXFileReference; lastKnownFileType = sourcecode.swift; path = UsernameMinimumLengthValidation.swift; sourceTree = "<group>"; };
		E919DC182657D15B005A98BE /* UsernameEmptyValidation.swift */ = {isa = PBXFileReference; lastKnownFileType = sourcecode.swift; path = UsernameEmptyValidation.swift; sourceTree = "<group>"; };
		E919DC1A2657D191005A98BE /* Validator.swift */ = {isa = PBXFileReference; lastKnownFileType = sourcecode.swift; path = Validator.swift; sourceTree = "<group>"; };
		E9F632E72656ADB9009CCAA5 /* SampleApplication.app */ = {isa = PBXFileReference; explicitFileType = wrapper.application; includeInIndex = 0; path = SampleApplication.app; sourceTree = BUILT_PRODUCTS_DIR; };
		E9F632EA2656ADB9009CCAA5 /* AppDelegate.swift */ = {isa = PBXFileReference; lastKnownFileType = sourcecode.swift; path = AppDelegate.swift; sourceTree = "<group>"; };
		E9F632EC2656ADB9009CCAA5 /* SceneDelegate.swift */ = {isa = PBXFileReference; lastKnownFileType = sourcecode.swift; path = SceneDelegate.swift; sourceTree = "<group>"; };
		E9F632EE2656ADB9009CCAA5 /* ViewController.swift */ = {isa = PBXFileReference; lastKnownFileType = sourcecode.swift; path = ViewController.swift; sourceTree = "<group>"; };
		E9F632F12656ADB9009CCAA5 /* Base */ = {isa = PBXFileReference; lastKnownFileType = file.storyboard; name = Base; path = Base.lproj/Main.storyboard; sourceTree = "<group>"; };
		E9F632F32656ADB9009CCAA5 /* Assets.xcassets */ = {isa = PBXFileReference; lastKnownFileType = folder.assetcatalog; path = Assets.xcassets; sourceTree = "<group>"; };
		E9F632F62656ADB9009CCAA5 /* Base */ = {isa = PBXFileReference; lastKnownFileType = file.storyboard; name = Base; path = Base.lproj/LaunchScreen.storyboard; sourceTree = "<group>"; };
		E9F632F82656ADB9009CCAA5 /* Info.plist */ = {isa = PBXFileReference; lastKnownFileType = text.plist.xml; path = Info.plist; sourceTree = "<group>"; };
		E9F633022656AE8F009CCAA5 /* LoginViewController.swift */ = {isa = PBXFileReference; lastKnownFileType = sourcecode.swift; path = LoginViewController.swift; sourceTree = "<group>"; };
		E9F633042656B143009CCAA5 /* UserViewModel.swift */ = {isa = PBXFileReference; fileEncoding = 4; lastKnownFileType = sourcecode.swift; path = UserViewModel.swift; sourceTree = "<group>"; };
		E9F633072656B17B009CCAA5 /* User.swift */ = {isa = PBXFileReference; fileEncoding = 4; lastKnownFileType = sourcecode.swift; path = User.swift; sourceTree = "<group>"; };
/* End PBXFileReference section */

/* Begin PBXFrameworksBuildPhase section */
		E9F632E42656ADB9009CCAA5 /* Frameworks */ = {
			isa = PBXFrameworksBuildPhase;
			buildActionMask = 2147483647;
			files = (
			);
			runOnlyForDeploymentPostprocessing = 0;
		};
/* End PBXFrameworksBuildPhase section */

/* Begin PBXGroup section */
		E919DBB926578CD6005A98BE /* Controller */ = {
			isa = PBXGroup;
			children = (
				E9F633022656AE8F009CCAA5 /* LoginViewController.swift */,
			);
			path = Controller;
			sourceTree = "<group>";
		};
		E919DBC026579A15005A98BE /* CommonModules */ = {
			isa = PBXGroup;
			children = (
				E919DBE22657A466005A98BE /* BottomTabbar */,
				E919DBC126579A1F005A98BE /* Extensions */,
			);
			path = CommonModules;
			sourceTree = "<group>";
		};
		E919DBC126579A1F005A98BE /* Extensions */ = {
			isa = PBXGroup;
			children = (
				E919DBC226579A1F005A98BE /* ViewExtension.swift */,
				E919DBC326579A1F005A98BE /* ColorExtension.swift */,
				E919DC082657CAE1005A98BE /* StringExtension.swift */,
			);
			path = Extensions;
			sourceTree = "<group>";
		};
		E919DBD326579A4F005A98BE /* Dashboard */ = {
			isa = PBXGroup;
			children = (
				E919DC052657B673005A98BE /* Storyboard */,
				E919DBF22657B5CD005A98BE /* Controllers */,
			);
			path = Dashboard;
			sourceTree = "<group>";
		};
		E919DBE22657A466005A98BE /* BottomTabbar */ = {
			isa = PBXGroup;
			children = (
				E919DBF12657B586005A98BE /* Model */,
				E919DBF02657B570005A98BE /* View */,
				E919DBE42657A466005A98BE /* BottomTabBarCVCell */,
			);
			path = BottomTabbar;
			sourceTree = "<group>";
		};
		E919DBE42657A466005A98BE /* BottomTabBarCVCell */ = {
			isa = PBXGroup;
			children = (
				E919DBE52657A466005A98BE /* BottomTabBarCVCell.swift */,
				E919DBE62657A466005A98BE /* BottomTabBarCVCell.xib */,
			);
			path = BottomTabBarCVCell;
			sourceTree = "<group>";
		};
		E919DBF02657B570005A98BE /* View */ = {
			isa = PBXGroup;
			children = (
				E919DBE32657A466005A98BE /* BottomTabBarView.swift */,
				E919DBE72657A466005A98BE /* BottomTabBarView.xib */,
			);
			path = View;
			sourceTree = "<group>";
		};
		E919DBF12657B586005A98BE /* Model */ = {
			isa = PBXGroup;
			children = (
				E919DBE82657A466005A98BE /* BottomTabBarModel.swift */,
			);
			path = Model;
			sourceTree = "<group>";
		};
		E919DBF22657B5CD005A98BE /* Controllers */ = {
			isa = PBXGroup;
			children = (
				E919DBD426579A4F005A98BE /* DashboardViewController.swift */,
				E919DBF32657B5F9005A98BE /* ViewController1.swift */,
			);
			path = Controllers;
			sourceTree = "<group>";
		};
		E919DC052657B673005A98BE /* Storyboard */ = {
			isa = PBXGroup;
			children = (
				E919DC062657B687005A98BE /* TabBar.storyboard */,
			);
			path = Storyboard;
			sourceTree = "<group>";
		};
		E919DC0A2657CE4C005A98BE /* Validation */ = {
			isa = PBXGroup;
			children = (
				E919DC1A2657D191005A98BE /* Validator.swift */,
				E919DC0B2657CE57005A98BE /* Validation.swift */,
				E919DC0D2657CE7F005A98BE /* ValidationResult.swift */,
				E919DC152657D11F005A98BE /* UsernameValidation */,
				E919DC122657D02B005A98BE /* PasswordValidation */,
			);
			path = Validation;
			sourceTree = "<group>";
		};
		E919DC0F2657CF05005A98BE /* Validations */ = {
			isa = PBXGroup;
			children = (
				E919DC102657CF1F005A98BE /* PasswordMinimumLengthValidation.swift */,
				E919DC132657D096005A98BE /* PasswordEmptyValidation.swift */,
			);
			path = Validations;
			sourceTree = "<group>";
		};
		E919DC122657D02B005A98BE /* PasswordValidation */ = {
			isa = PBXGroup;
			children = (
				E919DC0F2657CF05005A98BE /* Validations */,
			);
			path = PasswordValidation;
			sourceTree = "<group>";
		};
		E919DC152657D11F005A98BE /* UsernameValidation */ = {
			isa = PBXGroup;
			children = (
				E919DC1E2657D6AD005A98BE /* Validations */,
			);
			path = UsernameValidation;
			sourceTree = "<group>";
		};
		E919DC1E2657D6AD005A98BE /* Validations */ = {
			isa = PBXGroup;
			children = (
				E919DC182657D15B005A98BE /* UsernameEmptyValidation.swift */,
				E919DC162657D132005A98BE /* UsernameMinimumLengthValidation.swift */,
			);
			path = Validations;
			sourceTree = "<group>";
		};
		E9F632DE2656ADB9009CCAA5 = {
			isa = PBXGroup;
			children = (
				E9F632E92656ADB9009CCAA5 /* SampleApplication */,
				E9F632E82656ADB9009CCAA5 /* Products */,
			);
			sourceTree = "<group>";
		};
		E9F632E82656ADB9009CCAA5 /* Products */ = {
			isa = PBXGroup;
			children = (
				E9F632E72656ADB9009CCAA5 /* SampleApplication.app */,
			);
			name = Products;
			sourceTree = "<group>";
		};
		E9F632E92656ADB9009CCAA5 /* SampleApplication */ = {
			isa = PBXGroup;
			children = (
				E9F632FE2656AE4A009CCAA5 /* Login */,
				E919DBD326579A4F005A98BE /* Dashboard */,
				E919DBC026579A15005A98BE /* CommonModules */,
				E9F632EA2656ADB9009CCAA5 /* AppDelegate.swift */,
				E9F632EC2656ADB9009CCAA5 /* SceneDelegate.swift */,
				E9F632EE2656ADB9009CCAA5 /* ViewController.swift */,
				E9F632F02656ADB9009CCAA5 /* Main.storyboard */,
				E9F632F32656ADB9009CCAA5 /* Assets.xcassets */,
				E9F632F52656ADB9009CCAA5 /* LaunchScreen.storyboard */,
				E9F632F82656ADB9009CCAA5 /* Info.plist */,
			);
			path = SampleApplication;
			sourceTree = "<group>";
		};
		E9F632FE2656AE4A009CCAA5 /* Login */ = {
			isa = PBXGroup;
			children = (
				E919DBB926578CD6005A98BE /* Controller */,
				E9F6330B2656B1E4009CCAA5 /* Repository */,
				E9F633062656B17B009CCAA5 /* Models */,
				E9F633012656AE6F009CCAA5 /* ViewModel */,
				E919DC0A2657CE4C005A98BE /* Validation */,
			);
			name = Login;
			path = ../../Login;
			sourceTree = "<group>";
		};
		E9F633012656AE6F009CCAA5 /* ViewModel */ = {
			isa = PBXGroup;
			children = (
				E9F633042656B143009CCAA5 /* UserViewModel.swift */,
			);
			name = ViewModel;
			path = ../ViewModel;
			sourceTree = "<group>";
		};
		E9F633062656B17B009CCAA5 /* Models */ = {
			isa = PBXGroup;
			children = (
				E9F633072656B17B009CCAA5 /* User.swift */,
			);
			path = Models;
			sourceTree = "<group>";
		};
		E9F6330B2656B1E4009CCAA5 /* Repository */ = {
			isa = PBXGroup;
			children = (
				E919DBBC265790DF005A98BE /* LoginRepository.swift */,
				E919DBBA26578CF6005A98BE /* LoginAPIRepository.swift */,
				E919DBBE265792FE005A98BE /* LoginRepoFactory.swift */,
			);
			path = Repository;
			sourceTree = "<group>";
		};
/* End PBXGroup section */

/* Begin PBXNativeTarget section */
		E9F632E62656ADB9009CCAA5 /* SampleApplication */ = {
			isa = PBXNativeTarget;
			buildConfigurationList = E9F632FB2656ADB9009CCAA5 /* Build configuration list for PBXNativeTarget "SampleApplication" */;
			buildPhases = (
				E9F632E32656ADB9009CCAA5 /* Sources */,
				E9F632E42656ADB9009CCAA5 /* Frameworks */,
				E9F632E52656ADB9009CCAA5 /* Resources */,
			);
			buildRules = (
			);
			dependencies = (
			);
			name = SampleApplication;
			productName = SampleApplication;
			productReference = E9F632E72656ADB9009CCAA5 /* SampleApplication.app */;
			productType = "com.apple.product-type.application";
		};
/* End PBXNativeTarget section */

/* Begin PBXProject section */
		E9F632DF2656ADB9009CCAA5 /* Project object */ = {
			isa = PBXProject;
			attributes = {
				LastSwiftUpdateCheck = 1250;
				LastUpgradeCheck = 1250;
				TargetAttributes = {
					E9F632E62656ADB9009CCAA5 = {
						CreatedOnToolsVersion = 12.5;
					};
				};
			};
			buildConfigurationList = E9F632E22656ADB9009CCAA5 /* Build configuration list for PBXProject "SampleApplication" */;
			compatibilityVersion = "Xcode 9.3";
			developmentRegion = en;
			hasScannedForEncodings = 0;
			knownRegions = (
				en,
				Base,
			);
			mainGroup = E9F632DE2656ADB9009CCAA5;
			productRefGroup = E9F632E82656ADB9009CCAA5 /* Products */;
			projectDirPath = "";
			projectRoot = "";
			targets = (
				E9F632E62656ADB9009CCAA5 /* SampleApplication */,
			);
		};
/* End PBXProject section */

/* Begin PBXResourcesBuildPhase section */
		E9F632E52656ADB9009CCAA5 /* Resources */ = {
			isa = PBXResourcesBuildPhase;
			buildActionMask = 2147483647;
			files = (
				E9F632F72656ADB9009CCAA5 /* LaunchScreen.storyboard in Resources */,
				E919DBEC2657A466005A98BE /* BottomTabBarView.xib in Resources */,
				E9F632F42656ADB9009CCAA5 /* Assets.xcassets in Resources */,
				E9F632F22656ADB9009CCAA5 /* Main.storyboard in Resources */,
				E919DC072657B687005A98BE /* TabBar.storyboard in Resources */,
				E919DBEB2657A466005A98BE /* BottomTabBarCVCell.xib in Resources */,
			);
			runOnlyForDeploymentPostprocessing = 0;
		};
/* End PBXResourcesBuildPhase section */

/* Begin PBXSourcesBuildPhase section */
		E9F632E32656ADB9009CCAA5 /* Sources */ = {
			isa = PBXSourcesBuildPhase;
			buildActionMask = 2147483647;
			files = (
				E919DBF42657B5F9005A98BE /* ViewController1.swift in Sources */,
				E9F633032656AE8F009CCAA5 /* LoginViewController.swift in Sources */,
				E9F632EF2656ADB9009CCAA5 /* ViewController.swift in Sources */,
				E919DBBF265792FE005A98BE /* LoginRepoFactory.swift in Sources */,
				E919DC142657D096005A98BE /* PasswordEmptyValidation.swift in Sources */,
				E919DC192657D15B005A98BE /* UsernameEmptyValidation.swift in Sources */,
				E919DC112657CF1F005A98BE /* PasswordMinimumLengthValidation.swift in Sources */,
				E9F633092656B17B009CCAA5 /* User.swift in Sources */,
				E919DBC426579A1F005A98BE /* ViewExtension.swift in Sources */,
				E919DC0C2657CE57005A98BE /* Validation.swift in Sources */,
				E919DC172657D132005A98BE /* UsernameMinimumLengthValidation.swift in Sources */,
				E9F632EB2656ADB9009CCAA5 /* AppDelegate.swift in Sources */,
				E919DBE92657A466005A98BE /* BottomTabBarView.swift in Sources */,
				E919DC092657CAE1005A98BE /* StringExtension.swift in Sources */,
				E919DBD526579A4F005A98BE /* DashboardViewController.swift in Sources */,
				E9F633052656B143009CCAA5 /* UserViewModel.swift in Sources */,
				E9F632ED2656ADB9009CCAA5 /* SceneDelegate.swift in Sources */,
				E919DBBB26578CF6005A98BE /* LoginAPIRepository.swift in Sources */,
				E919DBEA2657A466005A98BE /* BottomTabBarCVCell.swift in Sources */,
				E919DC1B2657D191005A98BE /* Validator.swift in Sources */,
				E919DBED2657A466005A98BE /* BottomTabBarModel.swift in Sources */,
				E919DC0E2657CE7F005A98BE /* ValidationResult.swift in Sources */,
				E919DBC526579A1F005A98BE /* ColorExtension.swift in Sources */,
				E919DBBD265790DF005A98BE /* LoginRepository.swift in Sources */,
			);
			runOnlyForDeploymentPostprocessing = 0;
		};
/* End PBXSourcesBuildPhase section */

/* Begin PBXVariantGroup section */
		E9F632F02656ADB9009CCAA5 /* Main.storyboard */ = {
			isa = PBXVariantGroup;
			children = (
				E9F632F12656ADB9009CCAA5 /* Base */,
			);
			name = Main.storyboard;
			sourceTree = "<group>";
		};
		E9F632F52656ADB9009CCAA5 /* LaunchScreen.storyboard */ = {
			isa = PBXVariantGroup;
			children = (
				E9F632F62656ADB9009CCAA5 /* Base */,
			);
			name = LaunchScreen.storyboard;
			sourceTree = "<group>";
		};
/* End PBXVariantGroup section */

/* Begin XCBuildConfiguration section */
		E9F632F92656ADB9009CCAA5 /* Debug */ = {
			isa = XCBuildConfiguration;
			buildSettings = {
				ALWAYS_SEARCH_USER_PATHS = NO;
				CLANG_ANALYZER_NONNULL = YES;
				CLANG_ANALYZER_NUMBER_OBJECT_CONVERSION = YES_AGGRESSIVE;
				CLANG_CXX_LANGUAGE_STANDARD = "gnu++14";
				CLANG_CXX_LIBRARY = "libc++";
				CLANG_ENABLE_MODULES = YES;
				CLANG_ENABLE_OBJC_ARC = YES;
				CLANG_ENABLE_OBJC_WEAK = YES;
				CLANG_WARN_BLOCK_CAPTURE_AUTORELEASING = YES;
				CLANG_WARN_BOOL_CONVERSION = YES;
				CLANG_WARN_COMMA = YES;
				CLANG_WARN_CONSTANT_CONVERSION = YES;
				CLANG_WARN_DEPRECATED_OBJC_IMPLEMENTATIONS = YES;
				CLANG_WARN_DIRECT_OBJC_ISA_USAGE = YES_ERROR;
				CLANG_WARN_DOCUMENTATION_COMMENTS = YES;
				CLANG_WARN_EMPTY_BODY = YES;
				CLANG_WARN_ENUM_CONVERSION = YES;
				CLANG_WARN_INFINITE_RECURSION = YES;
				CLANG_WARN_INT_CONVERSION = YES;
				CLANG_WARN_NON_LITERAL_NULL_CONVERSION = YES;
				CLANG_WARN_OBJC_IMPLICIT_RETAIN_SELF = YES;
				CLANG_WARN_OBJC_LITERAL_CONVERSION = YES;
				CLANG_WARN_OBJC_ROOT_CLASS = YES_ERROR;
				CLANG_WARN_QUOTED_INCLUDE_IN_FRAMEWORK_HEADER = YES;
				CLANG_WARN_RANGE_LOOP_ANALYSIS = YES;
				CLANG_WARN_STRICT_PROTOTYPES = YES;
				CLANG_WARN_SUSPICIOUS_MOVE = YES;
				CLANG_WARN_UNGUARDED_AVAILABILITY = YES_AGGRESSIVE;
				CLANG_WARN_UNREACHABLE_CODE = YES;
				CLANG_WARN__DUPLICATE_METHOD_MATCH = YES;
				COPY_PHASE_STRIP = NO;
				DEBUG_INFORMATION_FORMAT = dwarf;
				ENABLE_STRICT_OBJC_MSGSEND = YES;
				ENABLE_TESTABILITY = YES;
				GCC_C_LANGUAGE_STANDARD = gnu11;
				GCC_DYNAMIC_NO_PIC = NO;
				GCC_NO_COMMON_BLOCKS = YES;
				GCC_OPTIMIZATION_LEVEL = 0;
				GCC_PREPROCESSOR_DEFINITIONS = (
					"DEBUG=1",
					"$(inherited)",
				);
				GCC_WARN_64_TO_32_BIT_CONVERSION = YES;
				GCC_WARN_ABOUT_RETURN_TYPE = YES_ERROR;
				GCC_WARN_UNDECLARED_SELECTOR = YES;
				GCC_WARN_UNINITIALIZED_AUTOS = YES_AGGRESSIVE;
				GCC_WARN_UNUSED_FUNCTION = YES;
				GCC_WARN_UNUSED_VARIABLE = YES;
				IPHONEOS_DEPLOYMENT_TARGET = 14.5;
				MTL_ENABLE_DEBUG_INFO = INCLUDE_SOURCE;
				MTL_FAST_MATH = YES;
				ONLY_ACTIVE_ARCH = YES;
				SDKROOT = iphoneos;
				SWIFT_ACTIVE_COMPILATION_CONDITIONS = DEBUG;
				SWIFT_OPTIMIZATION_LEVEL = "-Onone";
			};
			name = Debug;
		};
		E9F632FA2656ADB9009CCAA5 /* Release */ = {
			isa = XCBuildConfiguration;
			buildSettings = {
				ALWAYS_SEARCH_USER_PATHS = NO;
				CLANG_ANALYZER_NONNULL = YES;
				CLANG_ANALYZER_NUMBER_OBJECT_CONVERSION = YES_AGGRESSIVE;
				CLANG_CXX_LANGUAGE_STANDARD = "gnu++14";
				CLANG_CXX_LIBRARY = "libc++";
				CLANG_ENABLE_MODULES = YES;
				CLANG_ENABLE_OBJC_ARC = YES;
				CLANG_ENABLE_OBJC_WEAK = YES;
				CLANG_WARN_BLOCK_CAPTURE_AUTORELEASING = YES;
				CLANG_WARN_BOOL_CONVERSION = YES;
				CLANG_WARN_COMMA = YES;
				CLANG_WARN_CONSTANT_CONVERSION = YES;
				CLANG_WARN_DEPRECATED_OBJC_IMPLEMENTATIONS = YES;
				CLANG_WARN_DIRECT_OBJC_ISA_USAGE = YES_ERROR;
				CLANG_WARN_DOCUMENTATION_COMMENTS = YES;
				CLANG_WARN_EMPTY_BODY = YES;
				CLANG_WARN_ENUM_CONVERSION = YES;
				CLANG_WARN_INFINITE_RECURSION = YES;
				CLANG_WARN_INT_CONVERSION = YES;
				CLANG_WARN_NON_LITERAL_NULL_CONVERSION = YES;
				CLANG_WARN_OBJC_IMPLICIT_RETAIN_SELF = YES;
				CLANG_WARN_OBJC_LITERAL_CONVERSION = YES;
				CLANG_WARN_OBJC_ROOT_CLASS = YES_ERROR;
				CLANG_WARN_QUOTED_INCLUDE_IN_FRAMEWORK_HEADER = YES;
				CLANG_WARN_RANGE_LOOP_ANALYSIS = YES;
				CLANG_WARN_STRICT_PROTOTYPES = YES;
				CLANG_WARN_SUSPICIOUS_MOVE = YES;
				CLANG_WARN_UNGUARDED_AVAILABILITY = YES_AGGRESSIVE;
				CLANG_WARN_UNREACHABLE_CODE = YES;
				CLANG_WARN__DUPLICATE_METHOD_MATCH = YES;
				COPY_PHASE_STRIP = NO;
				DEBUG_INFORMATION_FORMAT = "dwarf-with-dsym";
				ENABLE_NS_ASSERTIONS = NO;
				ENABLE_STRICT_OBJC_MSGSEND = YES;
				GCC_C_LANGUAGE_STANDARD = gnu11;
				GCC_NO_COMMON_BLOCKS = YES;
				GCC_WARN_64_TO_32_BIT_CONVERSION = YES;
				GCC_WARN_ABOUT_RETURN_TYPE = YES_ERROR;
				GCC_WARN_UNDECLARED_SELECTOR = YES;
				GCC_WARN_UNINITIALIZED_AUTOS = YES_AGGRESSIVE;
				GCC_WARN_UNUSED_FUNCTION = YES;
				GCC_WARN_UNUSED_VARIABLE = YES;
				IPHONEOS_DEPLOYMENT_TARGET = 14.5;
				MTL_ENABLE_DEBUG_INFO = NO;
				MTL_FAST_MATH = YES;
				SDKROOT = iphoneos;
				SWIFT_COMPILATION_MODE = wholemodule;
				SWIFT_OPTIMIZATION_LEVEL = "-O";
				VALIDATE_PRODUCT = YES;
			};
			name = Release;
		};
		E9F632FC2656ADB9009CCAA5 /* Debug */ = {
			isa = XCBuildConfiguration;
			buildSettings = {
				ASSETCATALOG_COMPILER_APPICON_NAME = AppIcon;
				ASSETCATALOG_COMPILER_GLOBAL_ACCENT_COLOR_NAME = AccentColor;
				CODE_SIGN_STYLE = Automatic;
				DEVELOPMENT_TEAM = 3BDSV2S3V9;
				INFOPLIST_FILE = SampleApplication/Info.plist;
				LD_RUNPATH_SEARCH_PATHS = (
					"$(inherited)",
					"@executable_path/Frameworks",
				);
				PRODUCT_BUNDLE_IDENTIFIER = com.sample.test.SampleApplication;
				PRODUCT_NAME = "$(TARGET_NAME)";
				SWIFT_VERSION = 5.0;
				TARGETED_DEVICE_FAMILY = "1,2";
			};
			name = Debug;
		};
		E9F632FD2656ADB9009CCAA5 /* Release */ = {
			isa = XCBuildConfiguration;
			buildSettings = {
				ASSETCATALOG_COMPILER_APPICON_NAME = AppIcon;
				ASSETCATALOG_COMPILER_GLOBAL_ACCENT_COLOR_NAME = AccentColor;
				CODE_SIGN_STYLE = Automatic;
				DEVELOPMENT_TEAM = 3BDSV2S3V9;
				INFOPLIST_FILE = SampleApplication/Info.plist;
				LD_RUNPATH_SEARCH_PATHS = (
					"$(inherited)",
					"@executable_path/Frameworks",
				);
				PRODUCT_BUNDLE_IDENTIFIER = com.sample.test.SampleApplication;
				PRODUCT_NAME = "$(TARGET_NAME)";
				SWIFT_VERSION = 5.0;
				TARGETED_DEVICE_FAMILY = "1,2";
			};
			name = Release;
		};
/* End XCBuildConfiguration section */

/* Begin XCConfigurationList section */
		E9F632E22656ADB9009CCAA5 /* Build configuration list for PBXProject "SampleApplication" */ = {
			isa = XCConfigurationList;
			buildConfigurations = (
				E9F632F92656ADB9009CCAA5 /* Debug */,
				E9F632FA2656ADB9009CCAA5 /* Release */,
			);
			defaultConfigurationIsVisible = 0;
			defaultConfigurationName = Release;
		};
		E9F632FB2656ADB9009CCAA5 /* Build configuration list for PBXNativeTarget "SampleApplication" */ = {
			isa = XCConfigurationList;
			buildConfigurations = (
				E9F632FC2656ADB9009CCAA5 /* Debug */,
				E9F632FD2656ADB9009CCAA5 /* Release */,
			);
			defaultConfigurationIsVisible = 0;
			defaultConfigurationName = Release;
		};
/* End XCConfigurationList section */
	};
	rootObject = E9F632DF2656ADB9009CCAA5 /* Project object */;
}
